%{"cowboy": {:git, "git://github.com/extend/cowboy.git", "ee3ad5e51005b453230804036e092e1d2ceebe4f", []},
  "cowlib": {:git, "git://github.com/extend/cowlib.git", "e2ffefe828b918486e2cd76e44c54ae9b62c616e", [ref: "0.6.2"]},
  "decimal": {:git, "git://github.com/ericmj/decimal.git", "b4fd0f063ea7be43de5a942e79441b07f3e89484", []},
  "ecto": {:git, "git://github.com/elixir-lang/ecto.git", "c920664fbf68e59cb68dbffa48c6655049549586", []},
  "ex_conf": {:package, "0.1.2"},
  "inflex": {:package, "0.2.0"},
  "jazz": {:package, "0.1.1"},
  "phoenix": {:package, "0.2.9"},
  "plug": {:package, "0.5.0"},
  "poolboy": {:package, "1.2.1"},
  "postgrex": {:git, "git://github.com/ericmj/postgrex.git", "9e443f074a9a1ed9046e2ad75643cf3512cae6b6", []},
  "ranch": {:git, "git://github.com/extend/ranch.git", "3189ef2d47843945efc96c224963380462c33d40", [ref: "0.10.0"]}}
